
Microsoft Visual Studio Solution File, Format Version 12.00
# Visual Studio Version 16
VisualStudioVersion = 16.0.30804.86
MinimumVisualStudioVersion = 10.0.40219.1
Project("{9A19103F-16F7-4668-BE54-9A1E7A4F7556}") = "MockItUp.Core", "src\MockItUp.Core\MockItUp.Core.csproj", "{2E7020A3-0CFB-4FF6-9574-63660CECB0F2}"
EndProject
Project("{2150E333-8FDC-42A3-9474-1A3956D46DE8}") = "test", "test", "{8F00B7E8-13E3-4C4A-BA17-9A5C1BF7F25B}"
EndProject
Project("{9A19103F-16F7-4668-BE54-9A1E7A4F7556}") = "MockItUp.Common", "src\MockItUp.Common\MockItUp.Common.csproj", "{7A24CAFA-82A9-4337-BF77-377645031B59}"
EndProject
Project("{9A19103F-16F7-4668-BE54-9A1E7A4F7556}") = "MockItUp.Console", "src\MockItUp.Console\MockItUp.Console.csproj", "{96AA9FED-4506-460E-B2FF-1087005443CD}"
EndProject
Project("{2150E333-8FDC-42A3-9474-1A3956D46DE8}") = "src", "src", "{3E2D4ACA-F301-48AE-8083-32C5EA9EBEC1}"
EndProject
Project("{9A19103F-16F7-4668-BE54-9A1E7A4F7556}") = "MockItUp.IntegrationTest", "test\MockItUp.IntegrationTest\MockItUp.IntegrationTest.csproj", "{B8B54AB9-223C-451A-8F05-E78504FDC996}"
EndProject
Project("{9A19103F-16F7-4668-BE54-9A1E7A4F7556}") = "MockItUp.UnitTest", "test\MockItUp.UnitTest\MockItUp.UnitTest.csproj", "{9F1B7DA4-BBC9-45D2-9534-99E48EB3AD83}"
EndProject
Project("{9A19103F-16F7-4668-BE54-9A1E7A4F7556}") = "MockItUp.Client", "src\MockItUp.Client\MockItUp.Client.csproj", "{7E95F0C3-C56E-4D78-BD5F-D0CFD3ADA3A2}"
EndProject
Project("{2150E333-8FDC-42A3-9474-1A3956D46DE8}") = "SolutionFiles", "SolutionFiles", "{263F832B-C85A-413C-93D3-180EA462B40B}"
	ProjectSection(SolutionItems) = preProject
		src\mockctl.proto = src\mockctl.proto
	EndProjectSection
EndProject
Global
	GlobalSection(SolutionConfigurationPlatforms) = preSolution
		Debug|Any CPU = Debug|Any CPU
		Release|Any CPU = Release|Any CPU
	EndGlobalSection
	GlobalSection(ProjectConfigurationPlatforms) = postSolution
		{2E7020A3-0CFB-4FF6-9574-63660CECB0F2}.Debug|Any CPU.ActiveCfg = Debug|Any CPU
		{2E7020A3-0CFB-4FF6-9574-63660CECB0F2}.Debug|Any CPU.Build.0 = Debug|Any CPU
		{2E7020A3-0CFB-4FF6-9574-63660CECB0F2}.Release|Any CPU.ActiveCfg = Release|Any CPU
		{2E7020A3-0CFB-4FF6-9574-63660CECB0F2}.Release|Any CPU.Build.0 = Release|Any CPU
		{7A24CAFA-82A9-4337-BF77-377645031B59}.Debug|Any CPU.ActiveCfg = Debug|Any CPU
		{7A24CAFA-82A9-4337-BF77-377645031B59}.Debug|Any CPU.Build.0 = Debug|Any CPU
		{7A24CAFA-82A9-4337-BF77-377645031B59}.Release|Any CPU.ActiveCfg = Release|Any CPU
		{7A24CAFA-82A9-4337-BF77-377645031B59}.Release|Any CPU.Build.0 = Release|Any CPU
		{96AA9FED-4506-460E-B2FF-1087005443CD}.Debug|Any CPU.ActiveCfg = Debug|Any CPU
		{96AA9FED-4506-460E-B2FF-1087005443CD}.Debug|Any CPU.Build.0 = Debug|Any CPU
		{96AA9FED-4506-460E-B2FF-1087005443CD}.Release|Any CPU.ActiveCfg = Release|Any CPU
		{96AA9FED-4506-460E-B2FF-1087005443CD}.Release|Any CPU.Build.0 = Release|Any CPU
		{B8B54AB9-223C-451A-8F05-E78504FDC996}.Debug|Any CPU.ActiveCfg = Debug|Any CPU
		{B8B54AB9-223C-451A-8F05-E78504FDC996}.Debug|Any CPU.Build.0 = Debug|Any CPU
		{B8B54AB9-223C-451A-8F05-E78504FDC996}.Release|Any CPU.ActiveCfg = Release|Any CPU
		{B8B54AB9-223C-451A-8F05-E78504FDC996}.Release|Any CPU.Build.0 = Release|Any CPU
		{9F1B7DA4-BBC9-45D2-9534-99E48EB3AD83}.Debug|Any CPU.ActiveCfg = Debug|Any CPU
		{9F1B7DA4-BBC9-45D2-9534-99E48EB3AD83}.Debug|Any CPU.Build.0 = Debug|Any CPU
		{9F1B7DA4-BBC9-45D2-9534-99E48EB3AD83}.Release|Any CPU.ActiveCfg = Release|Any CPU
		{9F1B7DA4-BBC9-45D2-9534-99E48EB3AD83}.Release|Any CPU.Build.0 = Release|Any CPU
		{7E95F0C3-C56E-4D78-BD5F-D0CFD3ADA3A2}.Debug|Any CPU.ActiveCfg = Debug|Any CPU
		{7E95F0C3-C56E-4D78-BD5F-D0CFD3ADA3A2}.Debug|Any CPU.Build.0 = Debug|Any CPU
		{7E95F0C3-C56E-4D78-BD5F-D0CFD3ADA3A2}.Release|Any CPU.ActiveCfg = Release|Any CPU
		{7E95F0C3-C56E-4D78-BD5F-D0CFD3ADA3A2}.Release|Any CPU.Build.0 = Release|Any CPU
	EndGlobalSection
	GlobalSection(SolutionProperties) = preSolution
		HideSolutionNode = FALSE
	EndGlobalSection
	GlobalSection(NestedProjects) = preSolution
		{2E7020A3-0CFB-4FF6-9574-63660CECB0F2} = {3E2D4ACA-F301-48AE-8083-32C5EA9EBEC1}
		{7A24CAFA-82A9-4337-BF77-377645031B59} = {3E2D4ACA-F301-48AE-8083-32C5EA9EBEC1}
		{96AA9FED-4506-460E-B2FF-1087005443CD} = {3E2D4ACA-F301-48AE-8083-32C5EA9EBEC1}
		{B8B54AB9-223C-451A-8F05-E78504FDC996} = {8F00B7E8-13E3-4C4A-BA17-9A5C1BF7F25B}
		{9F1B7DA4-BBC9-45D2-9534-99E48EB3AD83} = {8F00B7E8-13E3-4C4A-BA17-9A5C1BF7F25B}
		{7E95F0C3-C56E-4D78-BD5F-D0CFD3ADA3A2} = {3E2D4ACA-F301-48AE-8083-32C5EA9EBEC1}
	EndGlobalSection
	GlobalSection(ExtensibilityGlobals) = postSolution
		SolutionGuid = {4E447407-4027-4944-8FF0-25742F9E8BE3}
	EndGlobalSection
EndGlobal
