
Microsoft Visual Studio Solution File, Format Version 12.00
# Visual Studio Version 16
VisualStudioVersion = 16.0.30804.86
MinimumVisualStudioVersion = 10.0.40219.1
Project("{9A19103F-16F7-4668-BE54-9A1E7A4F7556}") = "MockItUp.API", "MockItUp.API\MockItUp.API.csproj", "{86DC20F7-88F5-43BB-BC4A-1E235F37FC79}"
EndProject
Project("{9A19103F-16F7-4668-BE54-9A1E7A4F7556}") = "MockItUp.Core", "MockItUp.Core\MockItUp.Core.csproj", "{2E7020A3-0CFB-4FF6-9574-63660CECB0F2}"
EndProject
Project("{9A19103F-16F7-4668-BE54-9A1E7A4F7556}") = "MockItUp.Restful", "MockItUp.Restful\MockItUp.Restful.csproj", "{9CB3F3A6-036B-4E4A-8232-C8DF768A89B7}"
	ProjectSection(ProjectDependencies) = postProject
		{2E7020A3-0CFB-4FF6-9574-63660CECB0F2} = {2E7020A3-0CFB-4FF6-9574-63660CECB0F2}
	EndProjectSection
EndProject
Project("{2150E333-8FDC-42A3-9474-1A3956D46DE8}") = "test", "test", "{8F00B7E8-13E3-4C4A-BA17-9A5C1BF7F25B}"
EndProject
Project("{9A19103F-16F7-4668-BE54-9A1E7A4F7556}") = "MockItUp.HttpHost", "MockItUp.HttpHost\MockItUp.HttpHost.csproj", "{5BCE8517-ECCD-49FE-931B-471D35A3E649}"
EndProject
Project("{9A19103F-16F7-4668-BE54-9A1E7A4F7556}") = "MockItUp.Common", "MockItUp.Common\MockItUp.Common.csproj", "{7A24CAFA-82A9-4337-BF77-377645031B59}"
EndProject
Project("{FAE04EC0-301F-11D3-BF4B-00C04F79EFBC}") = "MockItUp.Console", "MockItUp.Console\MockItUp.Console.csproj", "{96AA9FED-4506-460E-B2FF-1087005443CD}"
EndProject
Project("{2150E333-8FDC-42A3-9474-1A3956D46DE8}") = "http", "http", "{76246A63-1B36-4443-8966-0C8F5B3A5100}"
EndProject
Global
	GlobalSection(SolutionConfigurationPlatforms) = preSolution
		Debug|Any CPU = Debug|Any CPU
		Release|Any CPU = Release|Any CPU
	EndGlobalSection
	GlobalSection(ProjectConfigurationPlatforms) = postSolution
		{86DC20F7-88F5-43BB-BC4A-1E235F37FC79}.Debug|Any CPU.ActiveCfg = Debug|Any CPU
		{86DC20F7-88F5-43BB-BC4A-1E235F37FC79}.Debug|Any CPU.Build.0 = Debug|Any CPU
		{86DC20F7-88F5-43BB-BC4A-1E235F37FC79}.Release|Any CPU.ActiveCfg = Release|Any CPU
		{86DC20F7-88F5-43BB-BC4A-1E235F37FC79}.Release|Any CPU.Build.0 = Release|Any CPU
		{2E7020A3-0CFB-4FF6-9574-63660CECB0F2}.Debug|Any CPU.ActiveCfg = Debug|Any CPU
		{2E7020A3-0CFB-4FF6-9574-63660CECB0F2}.Debug|Any CPU.Build.0 = Debug|Any CPU
		{2E7020A3-0CFB-4FF6-9574-63660CECB0F2}.Release|Any CPU.ActiveCfg = Release|Any CPU
		{2E7020A3-0CFB-4FF6-9574-63660CECB0F2}.Release|Any CPU.Build.0 = Release|Any CPU
		{9CB3F3A6-036B-4E4A-8232-C8DF768A89B7}.Debug|Any CPU.ActiveCfg = Debug|Any CPU
		{9CB3F3A6-036B-4E4A-8232-C8DF768A89B7}.Debug|Any CPU.Build.0 = Debug|Any CPU
		{9CB3F3A6-036B-4E4A-8232-C8DF768A89B7}.Release|Any CPU.ActiveCfg = Release|Any CPU
		{9CB3F3A6-036B-4E4A-8232-C8DF768A89B7}.Release|Any CPU.Build.0 = Release|Any CPU
		{5BCE8517-ECCD-49FE-931B-471D35A3E649}.Debug|Any CPU.ActiveCfg = Debug|Any CPU
		{5BCE8517-ECCD-49FE-931B-471D35A3E649}.Debug|Any CPU.Build.0 = Debug|Any CPU
		{5BCE8517-ECCD-49FE-931B-471D35A3E649}.Release|Any CPU.ActiveCfg = Release|Any CPU
		{5BCE8517-ECCD-49FE-931B-471D35A3E649}.Release|Any CPU.Build.0 = Release|Any CPU
		{7A24CAFA-82A9-4337-BF77-377645031B59}.Debug|Any CPU.ActiveCfg = Debug|Any CPU
		{7A24CAFA-82A9-4337-BF77-377645031B59}.Debug|Any CPU.Build.0 = Debug|Any CPU
		{7A24CAFA-82A9-4337-BF77-377645031B59}.Release|Any CPU.ActiveCfg = Release|Any CPU
		{7A24CAFA-82A9-4337-BF77-377645031B59}.Release|Any CPU.Build.0 = Release|Any CPU
		{96AA9FED-4506-460E-B2FF-1087005443CD}.Debug|Any CPU.ActiveCfg = Debug|Any CPU
		{96AA9FED-4506-460E-B2FF-1087005443CD}.Debug|Any CPU.Build.0 = Debug|Any CPU
		{96AA9FED-4506-460E-B2FF-1087005443CD}.Release|Any CPU.ActiveCfg = Release|Any CPU
		{96AA9FED-4506-460E-B2FF-1087005443CD}.Release|Any CPU.Build.0 = Release|Any CPU
	EndGlobalSection
	GlobalSection(SolutionProperties) = preSolution
		HideSolutionNode = FALSE
	EndGlobalSection
	GlobalSection(NestedProjects) = preSolution
		{9CB3F3A6-036B-4E4A-8232-C8DF768A89B7} = {76246A63-1B36-4443-8966-0C8F5B3A5100}
		{5BCE8517-ECCD-49FE-931B-471D35A3E649} = {76246A63-1B36-4443-8966-0C8F5B3A5100}
	EndGlobalSection
	GlobalSection(ExtensibilityGlobals) = postSolution
		SolutionGuid = {4E447407-4027-4944-8FF0-25742F9E8BE3}
	EndGlobalSection
EndGlobal
