
Microsoft Visual Studio Solution File, Format Version 12.00
# Visual Studio Version 16
VisualStudioVersion = 16.0.30804.86
MinimumVisualStudioVersion = 10.0.40219.1
Project("{9A19103F-16F7-4668-BE54-9A1E7A4F7556}") = "MockItUp.Core", "MockItUp.Core\MockItUp.Core.csproj", "{2E7020A3-0CFB-4FF6-9574-63660CECB0F2}"
EndProject
Project("{9A19103F-16F7-4668-BE54-9A1E7A4F7556}") = "MockItUp.Restful", "MockItUp.Restful\MockItUp.Restful.csproj", "{9CB3F3A6-036B-4E4A-8232-C8DF768A89B7}"
	ProjectSection(ProjectDependencies) = postProject
		{2E7020A3-0CFB-4FF6-9574-63660CECB0F2} = {2E7020A3-0CFB-4FF6-9574-63660CECB0F2}
	EndProjectSection
EndProject
Project("{2150E333-8FDC-42A3-9474-1A3956D46DE8}") = "test", "test", "{8F00B7E8-13E3-4C4A-BA17-9A5C1BF7F25B}"
EndProject
Project("{9A19103F-16F7-4668-BE54-9A1E7A4F7556}") = "MockItUp.HttpHost", "MockItUp.HttpHost\MockItUp.HttpHost.csproj", "{5BCE8517-ECCD-49FE-931B-471D35A3E649}"
EndProject
Project("{9A19103F-16F7-4668-BE54-9A1E7A4F7556}") = "MockItUp.Common", "MockItUp.Common\MockItUp.Common.csproj", "{7A24CAFA-82A9-4337-BF77-377645031B59}"
EndProject
Project("{9A19103F-16F7-4668-BE54-9A1E7A4F7556}") = "MockItUp.Console", "MockItUp.Console\MockItUp.Console.csproj", "{96AA9FED-4506-460E-B2FF-1087005443CD}"
EndProject
Project("{2150E333-8FDC-42A3-9474-1A3956D46DE8}") = "providers", "providers", "{76246A63-1B36-4443-8966-0C8F5B3A5100}"
EndProject
Project("{9A19103F-16F7-4668-BE54-9A1E7A4F7556}") = "MockItUp.Restful.Tests", "..\test\MockItUp.Restful.Tests\MockItUp.Restful.Tests.csproj", "{603CD40E-C11F-43BE-AB34-BCB4CA6EFE68}"
EndProject
Project("{2150E333-8FDC-42A3-9474-1A3956D46DE8}") = "src", "src", "{3E2D4ACA-F301-48AE-8083-32C5EA9EBEC1}"
EndProject
Project("{FAE04EC0-301F-11D3-BF4B-00C04F79EFBC}") = "MockItUp.Core.Tests", "..\test\MockItUp.Core.Tests\MockItUp.Core.Tests.csproj", "{756BF3D7-3352-4E69-A98F-0A053F1B1CB3}"
EndProject
Project("{FAE04EC0-301F-11D3-BF4B-00C04F79EFBC}") = "MockItUp.IntegrationTest", "MockItUp.IntegrationTest\MockItUp.IntegrationTest.csproj", "{B8B54AB9-223C-451A-8F05-E78504FDC996}"
EndProject
Global
	GlobalSection(SolutionConfigurationPlatforms) = preSolution
		Debug|Any CPU = Debug|Any CPU
		Release|Any CPU = Release|Any CPU
	EndGlobalSection
	GlobalSection(ProjectConfigurationPlatforms) = postSolution
		{2E7020A3-0CFB-4FF6-9574-63660CECB0F2}.Debug|Any CPU.ActiveCfg = Debug|Any CPU
		{2E7020A3-0CFB-4FF6-9574-63660CECB0F2}.Debug|Any CPU.Build.0 = Debug|Any CPU
		{2E7020A3-0CFB-4FF6-9574-63660CECB0F2}.Release|Any CPU.ActiveCfg = Release|Any CPU
		{2E7020A3-0CFB-4FF6-9574-63660CECB0F2}.Release|Any CPU.Build.0 = Release|Any CPU
		{9CB3F3A6-036B-4E4A-8232-C8DF768A89B7}.Debug|Any CPU.ActiveCfg = Debug|Any CPU
		{9CB3F3A6-036B-4E4A-8232-C8DF768A89B7}.Debug|Any CPU.Build.0 = Debug|Any CPU
		{9CB3F3A6-036B-4E4A-8232-C8DF768A89B7}.Release|Any CPU.ActiveCfg = Release|Any CPU
		{9CB3F3A6-036B-4E4A-8232-C8DF768A89B7}.Release|Any CPU.Build.0 = Release|Any CPU
		{5BCE8517-ECCD-49FE-931B-471D35A3E649}.Debug|Any CPU.ActiveCfg = Debug|Any CPU
		{5BCE8517-ECCD-49FE-931B-471D35A3E649}.Debug|Any CPU.Build.0 = Debug|Any CPU
		{5BCE8517-ECCD-49FE-931B-471D35A3E649}.Release|Any CPU.ActiveCfg = Release|Any CPU
		{5BCE8517-ECCD-49FE-931B-471D35A3E649}.Release|Any CPU.Build.0 = Release|Any CPU
		{7A24CAFA-82A9-4337-BF77-377645031B59}.Debug|Any CPU.ActiveCfg = Debug|Any CPU
		{7A24CAFA-82A9-4337-BF77-377645031B59}.Debug|Any CPU.Build.0 = Debug|Any CPU
		{7A24CAFA-82A9-4337-BF77-377645031B59}.Release|Any CPU.ActiveCfg = Release|Any CPU
		{7A24CAFA-82A9-4337-BF77-377645031B59}.Release|Any CPU.Build.0 = Release|Any CPU
		{96AA9FED-4506-460E-B2FF-1087005443CD}.Debug|Any CPU.ActiveCfg = Debug|Any CPU
		{96AA9FED-4506-460E-B2FF-1087005443CD}.Debug|Any CPU.Build.0 = Debug|Any CPU
		{96AA9FED-4506-460E-B2FF-1087005443CD}.Release|Any CPU.ActiveCfg = Release|Any CPU
		{96AA9FED-4506-460E-B2FF-1087005443CD}.Release|Any CPU.Build.0 = Release|Any CPU
		{603CD40E-C11F-43BE-AB34-BCB4CA6EFE68}.Debug|Any CPU.ActiveCfg = Debug|Any CPU
		{603CD40E-C11F-43BE-AB34-BCB4CA6EFE68}.Debug|Any CPU.Build.0 = Debug|Any CPU
		{603CD40E-C11F-43BE-AB34-BCB4CA6EFE68}.Release|Any CPU.ActiveCfg = Release|Any CPU
		{603CD40E-C11F-43BE-AB34-BCB4CA6EFE68}.Release|Any CPU.Build.0 = Release|Any CPU
		{756BF3D7-3352-4E69-A98F-0A053F1B1CB3}.Debug|Any CPU.ActiveCfg = Debug|Any CPU
		{756BF3D7-3352-4E69-A98F-0A053F1B1CB3}.Debug|Any CPU.Build.0 = Debug|Any CPU
		{756BF3D7-3352-4E69-A98F-0A053F1B1CB3}.Release|Any CPU.ActiveCfg = Release|Any CPU
		{756BF3D7-3352-4E69-A98F-0A053F1B1CB3}.Release|Any CPU.Build.0 = Release|Any CPU
		{B8B54AB9-223C-451A-8F05-E78504FDC996}.Debug|Any CPU.ActiveCfg = Debug|Any CPU
		{B8B54AB9-223C-451A-8F05-E78504FDC996}.Debug|Any CPU.Build.0 = Debug|Any CPU
		{B8B54AB9-223C-451A-8F05-E78504FDC996}.Release|Any CPU.ActiveCfg = Release|Any CPU
		{B8B54AB9-223C-451A-8F05-E78504FDC996}.Release|Any CPU.Build.0 = Release|Any CPU
	EndGlobalSection
	GlobalSection(SolutionProperties) = preSolution
		HideSolutionNode = FALSE
	EndGlobalSection
	GlobalSection(NestedProjects) = preSolution
		{2E7020A3-0CFB-4FF6-9574-63660CECB0F2} = {3E2D4ACA-F301-48AE-8083-32C5EA9EBEC1}
		{9CB3F3A6-036B-4E4A-8232-C8DF768A89B7} = {76246A63-1B36-4443-8966-0C8F5B3A5100}
		{5BCE8517-ECCD-49FE-931B-471D35A3E649} = {3E2D4ACA-F301-48AE-8083-32C5EA9EBEC1}
		{7A24CAFA-82A9-4337-BF77-377645031B59} = {3E2D4ACA-F301-48AE-8083-32C5EA9EBEC1}
		{96AA9FED-4506-460E-B2FF-1087005443CD} = {3E2D4ACA-F301-48AE-8083-32C5EA9EBEC1}
		{76246A63-1B36-4443-8966-0C8F5B3A5100} = {3E2D4ACA-F301-48AE-8083-32C5EA9EBEC1}
		{603CD40E-C11F-43BE-AB34-BCB4CA6EFE68} = {8F00B7E8-13E3-4C4A-BA17-9A5C1BF7F25B}
		{756BF3D7-3352-4E69-A98F-0A053F1B1CB3} = {8F00B7E8-13E3-4C4A-BA17-9A5C1BF7F25B}
		{B8B54AB9-223C-451A-8F05-E78504FDC996} = {8F00B7E8-13E3-4C4A-BA17-9A5C1BF7F25B}
	EndGlobalSection
	GlobalSection(ExtensibilityGlobals) = postSolution
		SolutionGuid = {4E447407-4027-4944-8FF0-25742F9E8BE3}
	EndGlobalSection
EndGlobal
